
Microsoft Visual Studio Solution File, Format Version 12.00
# Visual Studio 15
VisualStudioVersion = 15.0.28307.1738
MinimumVisualStudioVersion = 10.0.40219.1
Project("{FAE04EC0-301F-11D3-BF4B-00C04F79EFBC}") = "MTFramework.Entities", "MTFramework.Entities\MTFramework.Entities.csproj", "{60C8D21F-AD0B-4A6D-B1E0-0E256BE71A3C}"
EndProject
Project("{FAE04EC0-301F-11D3-BF4B-00C04F79EFBC}") = "MTFramework.DataAccess", "MTFramework.DataAccess\MTFramework.DataAccess.csproj", "{5AB2AA28-25E9-4917-873C-B34BA38204B9}"
EndProject
Project("{FAE04EC0-301F-11D3-BF4B-00C04F79EFBC}") = "MTFramework.Business", "MTFramework.Business\MTFramework.Business.csproj", "{DA1A96BD-F183-4E93-AF43-A1345391DE92}"
EndProject
Project("{FAE04EC0-301F-11D3-BF4B-00C04F79EFBC}") = "MTFramework.Core", "MTFramework.Core\MTFramework.Core.csproj", "{D0332247-58F6-43A6-815A-E63D4AC63E85}"
EndProject
Project("{FAE04EC0-301F-11D3-BF4B-00C04F79EFBC}") = "MTFramework.WebAPI", "MTFramework.WebAPI\MTFramework.WebAPI.csproj", "{340B77CC-7EB6-4FFF-86D8-48E253F1DD8B}"
EndProject
Global
	GlobalSection(SolutionConfigurationPlatforms) = preSolution
		Debug|Any CPU = Debug|Any CPU
		Release|Any CPU = Release|Any CPU
	EndGlobalSection
	GlobalSection(ProjectConfigurationPlatforms) = postSolution
		{60C8D21F-AD0B-4A6D-B1E0-0E256BE71A3C}.Debug|Any CPU.ActiveCfg = Debug|Any CPU
		{60C8D21F-AD0B-4A6D-B1E0-0E256BE71A3C}.Debug|Any CPU.Build.0 = Debug|Any CPU
		{60C8D21F-AD0B-4A6D-B1E0-0E256BE71A3C}.Release|Any CPU.ActiveCfg = Release|Any CPU
		{60C8D21F-AD0B-4A6D-B1E0-0E256BE71A3C}.Release|Any CPU.Build.0 = Release|Any CPU
		{5AB2AA28-25E9-4917-873C-B34BA38204B9}.Debug|Any CPU.ActiveCfg = Debug|Any CPU
		{5AB2AA28-25E9-4917-873C-B34BA38204B9}.Debug|Any CPU.Build.0 = Debug|Any CPU
		{5AB2AA28-25E9-4917-873C-B34BA38204B9}.Release|Any CPU.ActiveCfg = Release|Any CPU
		{5AB2AA28-25E9-4917-873C-B34BA38204B9}.Release|Any CPU.Build.0 = Release|Any CPU
		{DA1A96BD-F183-4E93-AF43-A1345391DE92}.Debug|Any CPU.ActiveCfg = Debug|Any CPU
		{DA1A96BD-F183-4E93-AF43-A1345391DE92}.Debug|Any CPU.Build.0 = Debug|Any CPU
		{DA1A96BD-F183-4E93-AF43-A1345391DE92}.Release|Any CPU.ActiveCfg = Release|Any CPU
		{DA1A96BD-F183-4E93-AF43-A1345391DE92}.Release|Any CPU.Build.0 = Release|Any CPU
		{D0332247-58F6-43A6-815A-E63D4AC63E85}.Debug|Any CPU.ActiveCfg = Debug|Any CPU
		{D0332247-58F6-43A6-815A-E63D4AC63E85}.Debug|Any CPU.Build.0 = Debug|Any CPU
		{D0332247-58F6-43A6-815A-E63D4AC63E85}.Release|Any CPU.ActiveCfg = Release|Any CPU
		{D0332247-58F6-43A6-815A-E63D4AC63E85}.Release|Any CPU.Build.0 = Release|Any CPU
		{340B77CC-7EB6-4FFF-86D8-48E253F1DD8B}.Debug|Any CPU.ActiveCfg = Debug|Any CPU
		{340B77CC-7EB6-4FFF-86D8-48E253F1DD8B}.Debug|Any CPU.Build.0 = Debug|Any CPU
		{340B77CC-7EB6-4FFF-86D8-48E253F1DD8B}.Release|Any CPU.ActiveCfg = Release|Any CPU
		{340B77CC-7EB6-4FFF-86D8-48E253F1DD8B}.Release|Any CPU.Build.0 = Release|Any CPU
	EndGlobalSection
	GlobalSection(SolutionProperties) = preSolution
		HideSolutionNode = FALSE
	EndGlobalSection
	GlobalSection(ExtensibilityGlobals) = postSolution
		SolutionGuid = {36CAED7D-71B3-405E-BD5E-48E92AB4DCA3}
	EndGlobalSection
EndGlobal
